{
  "name": "data-net",
  "version": "0.8.0",
  "lockfileVersion": 1,
  "requires": true,
  "dependencies": {
    "@types/node": {
      "version": "13.7.2",
      "resolved": "https://registry.npm.taobao.org/@types/node/download/@types/node-13.7.2.tgz",
      "integrity": "sha1-UDdblbWEWjTv2i/7Ogh8e+y8RsY=",
      "dev": true
    },
    "typescript": {
      "version": "3.7.5",
      "resolved": "https://registry.npm.taobao.org/typescript/download/typescript-3.7.5.tgz?cache=0&sync_timestamp=1582096622395&other_urls=https%3A%2F%2Fregistry.npm.taobao.org%2Ftypescript%2Fdownload%2Ftypescript-3.7.5.tgz",
      "integrity": "sha1-BpLiH2X9QQi5MwI4qsEd0uF3oa4=",
      "dev": true
    }
  }
}
